
Microsoft Visual Studio Solution File, Format Version 12.00
# Visual Studio Version 17
VisualStudioVersion = 17.6.33801.468
MinimumVisualStudioVersion = 10.0.40219.1
Project("{9A19103F-16F7-4668-BE54-9A1E7A4F7556}") = "ReliableDownloader", "ReliableDownloader\ReliableDownloader.csproj", "{4BDB7EC8-D136-4B9E-A978-D7A0356F0DAF}"
EndProject
Project("{FAE04EC0-301F-11D3-BF4B-00C04F79EFBC}") = "ReliableDownloader.Tests", "ReliableDownloader.Tests\ReliableDownloader.Tests.csproj", "{96CBDE34-1DC2-47AA-B045-B5CF9465A239}"
EndProject
Global
	GlobalSection(SolutionConfigurationPlatforms) = preSolution
		Debug|Any CPU = Debug|Any CPU
		Release|Any CPU = Release|Any CPU
	EndGlobalSection
	GlobalSection(ProjectConfigurationPlatforms) = postSolution
		{4BDB7EC8-D136-4B9E-A978-D7A0356F0DAF}.Debug|Any CPU.ActiveCfg = Debug|Any CPU
		{4BDB7EC8-D136-4B9E-A978-D7A0356F0DAF}.Debug|Any CPU.Build.0 = Debug|Any CPU
		{4BDB7EC8-D136-4B9E-A978-D7A0356F0DAF}.Release|Any CPU.ActiveCfg = Release|Any CPU
		{4BDB7EC8-D136-4B9E-A978-D7A0356F0DAF}.Release|Any CPU.Build.0 = Release|Any CPU
		{96CBDE34-1DC2-47AA-B045-B5CF9465A239}.Debug|Any CPU.ActiveCfg = Debug|Any CPU
		{96CBDE34-1DC2-47AA-B045-B5CF9465A239}.Debug|Any CPU.Build.0 = Debug|Any CPU
		{96CBDE34-1DC2-47AA-B045-B5CF9465A239}.Release|Any CPU.ActiveCfg = Release|Any CPU
		{96CBDE34-1DC2-47AA-B045-B5CF9465A239}.Release|Any CPU.Build.0 = Release|Any CPU
	EndGlobalSection
	GlobalSection(SolutionProperties) = preSolution
		HideSolutionNode = FALSE
	EndGlobalSection
	GlobalSection(ExtensibilityGlobals) = postSolution
		SolutionGuid = {8A18CA0D-BA00-49E7-8910-61474F3C6913}
	EndGlobalSection
EndGlobal
